
Microsoft Visual Studio Solution File, Format Version 12.00
# Visual Studio Version 17
VisualStudioVersion = 17.6.33717.318
MinimumVisualStudioVersion = 10.0.40219.1
Project("{FAE04EC0-301F-11D3-BF4B-00C04F79EFBC}") = "bootcamp-store-backend", "bootcamp-store-backend.csproj", "{71E7CCE9-D5A5-4C3F-87ED-7C98388250FA}"
EndProject
Global
	GlobalSection(SolutionConfigurationPlatforms) = preSolution
		Debug|Any CPU = Debug|Any CPU
		Release|Any CPU = Release|Any CPU
	EndGlobalSection
	GlobalSection(ProjectConfigurationPlatforms) = postSolution
		{71E7CCE9-D5A5-4C3F-87ED-7C98388250FA}.Debug|Any CPU.ActiveCfg = Debug|Any CPU
		{71E7CCE9-D5A5-4C3F-87ED-7C98388250FA}.Debug|Any CPU.Build.0 = Debug|Any CPU
		{71E7CCE9-D5A5-4C3F-87ED-7C98388250FA}.Release|Any CPU.ActiveCfg = Release|Any CPU
		{71E7CCE9-D5A5-4C3F-87ED-7C98388250FA}.Release|Any CPU.Build.0 = Release|Any CPU
	EndGlobalSection
	GlobalSection(SolutionProperties) = preSolution
		HideSolutionNode = FALSE
	EndGlobalSection
	GlobalSection(ExtensibilityGlobals) = postSolution
		SolutionGuid = {B4B20580-B000-4421-9FCF-CCF49F3FC147}
	EndGlobalSection
EndGlobal
